
Microsoft Visual Studio Solution File, Format Version 12.00
# Visual Studio Version 16
VisualStudioVersion = 16.0.32002.261
MinimumVisualStudioVersion = 10.0.40219.1
Project("{FAE04EC0-301F-11D3-BF4B-00C04F79EFBC}") = "MusicBot", "MusicBot\MusicBot.csproj", "{33196C5D-2555-4E7B-9A23-F6CEE1D85AA1}"
EndProject
Global
	GlobalSection(SolutionConfigurationPlatforms) = preSolution
		Debug|Any CPU = Debug|Any CPU
		Release|Any CPU = Release|Any CPU
	EndGlobalSection
	GlobalSection(ProjectConfigurationPlatforms) = postSolution
		{33196C5D-2555-4E7B-9A23-F6CEE1D85AA1}.Debug|Any CPU.ActiveCfg = Debug|Any CPU
		{33196C5D-2555-4E7B-9A23-F6CEE1D85AA1}.Debug|Any CPU.Build.0 = Debug|Any CPU
		{33196C5D-2555-4E7B-9A23-F6CEE1D85AA1}.Release|Any CPU.ActiveCfg = Release|Any CPU
		{33196C5D-2555-4E7B-9A23-F6CEE1D85AA1}.Release|Any CPU.Build.0 = Release|Any CPU
	EndGlobalSection
	GlobalSection(SolutionProperties) = preSolution
		HideSolutionNode = FALSE
	EndGlobalSection
	GlobalSection(ExtensibilityGlobals) = postSolution
		SolutionGuid = {C3DF3ED6-C756-4812-9ADE-9BD0B3AD49E4}
	EndGlobalSection
EndGlobal
